
Microsoft Visual Studio Solution File, Format Version 12.00
# Visual Studio Version 16
VisualStudioVersion = 16.0.30907.101
MinimumVisualStudioVersion = 10.0.40219.1
Project("{FAE04EC0-301F-11D3-BF4B-00C04F79EFBC}") = "DemoLesson1", "Lesson1\DemoLesson1.csproj", "{4C0175C1-F35C-4DEE-856A-D12E6E2F86F6}"
EndProject
Project("{FAE04EC0-301F-11D3-BF4B-00C04F79EFBC}") = "Tests", "Tests\Tests.csproj", "{71996AED-7C54-44AD-8249-D36CED58CAEE}"
EndProject
Global
	GlobalSection(SolutionConfigurationPlatforms) = preSolution
		Debug|Any CPU = Debug|Any CPU
		Release|Any CPU = Release|Any CPU
	EndGlobalSection
	GlobalSection(ProjectConfigurationPlatforms) = postSolution
		{4C0175C1-F35C-4DEE-856A-D12E6E2F86F6}.Debug|Any CPU.ActiveCfg = Debug|Any CPU
		{4C0175C1-F35C-4DEE-856A-D12E6E2F86F6}.Debug|Any CPU.Build.0 = Debug|Any CPU
		{4C0175C1-F35C-4DEE-856A-D12E6E2F86F6}.Release|Any CPU.ActiveCfg = Release|Any CPU
		{4C0175C1-F35C-4DEE-856A-D12E6E2F86F6}.Release|Any CPU.Build.0 = Release|Any CPU
		{71996AED-7C54-44AD-8249-D36CED58CAEE}.Debug|Any CPU.ActiveCfg = Debug|Any CPU
		{71996AED-7C54-44AD-8249-D36CED58CAEE}.Debug|Any CPU.Build.0 = Debug|Any CPU
		{71996AED-7C54-44AD-8249-D36CED58CAEE}.Release|Any CPU.ActiveCfg = Release|Any CPU
		{71996AED-7C54-44AD-8249-D36CED58CAEE}.Release|Any CPU.Build.0 = Release|Any CPU
	EndGlobalSection
	GlobalSection(SolutionProperties) = preSolution
		HideSolutionNode = FALSE
	EndGlobalSection
	GlobalSection(ExtensibilityGlobals) = postSolution
		SolutionGuid = {D8559290-3219-43CF-9116-6B2386ABDCFC}
	EndGlobalSection
EndGlobal
